// !$*UTF8*$!
{
	archiveVersion = 1;
	classes = {
	};
	objectVersion = 50;
	objects = {

/* Begin PBXBuildFile section */
		43113B434EF0537D13D5D878 /* Pods_mashup09.framework in Frameworks */ = {isa = PBXBuildFile; fileRef = BDAF762678E4AD5D82733841 /* Pods_mashup09.framework */; };
		827C37E120E792F70050FA68 /* Input.storyboard in Resources */ = {isa = PBXBuildFile; fileRef = 827C37E020E792F70050FA68 /* Input.storyboard */; };
		827C37E320E793290050FA68 /* InputViewController.swift in Sources */ = {isa = PBXBuildFile; fileRef = 827C37E220E793290050FA68 /* InputViewController.swift */; };
		829DB82E20E7ACB0005E7ECE /* InputTableViewController.swift in Sources */ = {isa = PBXBuildFile; fileRef = 829DB82D20E7ACB0005E7ECE /* InputTableViewController.swift */; };
		AAC2FEEA20E7907500686BC9 /* Add.storyboard in Resources */ = {isa = PBXBuildFile; fileRef = AAC2FEE920E7907500686BC9 /* Add.storyboard */; };
		AAC2FEEC20E7908E00686BC9 /* AddCategoryViewController.swift in Sources */ = {isa = PBXBuildFile; fileRef = AAC2FEEB20E7908E00686BC9 /* AddCategoryViewController.swift */; };
		AAC2FEEE20E792AC00686BC9 /* AddContentViewController.swift in Sources */ = {isa = PBXBuildFile; fileRef = AAC2FEED20E792AC00686BC9 /* AddContentViewController.swift */; };
		AAC2FEF020E792D600686BC9 /* AddDetailViewController.swift in Sources */ = {isa = PBXBuildFile; fileRef = AAC2FEEF20E792D600686BC9 /* AddDetailViewController.swift */; };
		AAC2FEF220E7AFD700686BC9 /* AddImageViewController.swift in Sources */ = {isa = PBXBuildFile; fileRef = AAC2FEF120E7AFD700686BC9 /* AddImageViewController.swift */; };
		EF3E94BD20E7952E00ECF5CB /* HomeCollectionViewCell.swift in Sources */ = {isa = PBXBuildFile; fileRef = EF3E94BB20E7952E00ECF5CB /* HomeCollectionViewCell.swift */; };
		EF3E94BE20E7952E00ECF5CB /* HomeCollectionTableViewCell.swift in Sources */ = {isa = PBXBuildFile; fileRef = EF3E94BC20E7952E00ECF5CB /* HomeCollectionTableViewCell.swift */; };
		EF3E94C020E7968B00ECF5CB /* Home09ItemsTableViewCell.swift in Sources */ = {isa = PBXBuildFile; fileRef = EF3E94BF20E7968B00ECF5CB /* Home09ItemsTableViewCell.swift */; };
		EF3E94C220E79B7400ECF5CB /* TestAssets.xcassets in Resources */ = {isa = PBXBuildFile; fileRef = EF3E94C120E79B7400ECF5CB /* TestAssets.xcassets */; };
		EF6D1CEE20E787E50098FAD3 /* AppDelegate.swift in Sources */ = {isa = PBXBuildFile; fileRef = EF6D1CED20E787E50098FAD3 /* AppDelegate.swift */; };
		EF6D1CF020E787E50098FAD3 /* ViewController.swift in Sources */ = {isa = PBXBuildFile; fileRef = EF6D1CEF20E787E50098FAD3 /* ViewController.swift */; };
		EF6D1CF320E787E50098FAD3 /* Main.storyboard in Resources */ = {isa = PBXBuildFile; fileRef = EF6D1CF120E787E50098FAD3 /* Main.storyboard */; };
		EF6D1CF620E787E50098FAD3 /* mashup09.xcdatamodeld in Sources */ = {isa = PBXBuildFile; fileRef = EF6D1CF420E787E50098FAD3 /* mashup09.xcdatamodeld */; };
		EF6D1CF820E787E60098FAD3 /* Assets.xcassets in Resources */ = {isa = PBXBuildFile; fileRef = EF6D1CF720E787E60098FAD3 /* Assets.xcassets */; };
		EF6D1CFB20E787E60098FAD3 /* LaunchScreen.storyboard in Resources */ = {isa = PBXBuildFile; fileRef = EF6D1CF920E787E60098FAD3 /* LaunchScreen.storyboard */; };
		EF827F1D20E7E56700BAC0AF /* JSGrowingTextView.swift in Sources */ = {isa = PBXBuildFile; fileRef = EF827F1C20E7E56700BAC0AF /* JSGrowingTextView.swift */; };
/* End PBXBuildFile section */

/* Begin PBXFileReference section */
		827C37E020E792F70050FA68 /* Input.storyboard */ = {isa = PBXFileReference; lastKnownFileType = file.storyboard; path = Input.storyboard; sourceTree = "<group>"; };
		827C37E220E793290050FA68 /* InputViewController.swift */ = {isa = PBXFileReference; lastKnownFileType = sourcecode.swift; path = InputViewController.swift; sourceTree = "<group>"; };
		829DB82D20E7ACB0005E7ECE /* InputTableViewController.swift */ = {isa = PBXFileReference; lastKnownFileType = sourcecode.swift; path = InputTableViewController.swift; sourceTree = "<group>"; };
		A83331942CEF7DD778DEE687 /* Pods-mashup09.debug.xcconfig */ = {isa = PBXFileReference; includeInIndex = 1; lastKnownFileType = text.xcconfig; name = "Pods-mashup09.debug.xcconfig"; path = "Pods/Target Support Files/Pods-mashup09/Pods-mashup09.debug.xcconfig"; sourceTree = "<group>"; };
		AAC2FEE920E7907500686BC9 /* Add.storyboard */ = {isa = PBXFileReference; lastKnownFileType = file.storyboard; path = Add.storyboard; sourceTree = "<group>"; };
		AAC2FEEB20E7908E00686BC9 /* AddCategoryViewController.swift */ = {isa = PBXFileReference; lastKnownFileType = sourcecode.swift; path = AddCategoryViewController.swift; sourceTree = "<group>"; };
		AAC2FEED20E792AC00686BC9 /* AddContentViewController.swift */ = {isa = PBXFileReference; lastKnownFileType = sourcecode.swift; path = AddContentViewController.swift; sourceTree = "<group>"; };
		AAC2FEEF20E792D600686BC9 /* AddDetailViewController.swift */ = {isa = PBXFileReference; lastKnownFileType = sourcecode.swift; path = AddDetailViewController.swift; sourceTree = "<group>"; };
		AAC2FEF120E7AFD700686BC9 /* AddImageViewController.swift */ = {isa = PBXFileReference; lastKnownFileType = sourcecode.swift; path = AddImageViewController.swift; sourceTree = "<group>"; };
		BDAF762678E4AD5D82733841 /* Pods_mashup09.framework */ = {isa = PBXFileReference; explicitFileType = wrapper.framework; includeInIndex = 0; path = Pods_mashup09.framework; sourceTree = BUILT_PRODUCTS_DIR; };
		CA1C6EB75E1AD1BF06C1F6F5 /* Pods-mashup09.release.xcconfig */ = {isa = PBXFileReference; includeInIndex = 1; lastKnownFileType = text.xcconfig; name = "Pods-mashup09.release.xcconfig"; path = "Pods/Target Support Files/Pods-mashup09/Pods-mashup09.release.xcconfig"; sourceTree = "<group>"; };
		EF3E94BB20E7952E00ECF5CB /* HomeCollectionViewCell.swift */ = {isa = PBXFileReference; fileEncoding = 4; lastKnownFileType = sourcecode.swift; path = HomeCollectionViewCell.swift; sourceTree = "<group>"; };
		EF3E94BC20E7952E00ECF5CB /* HomeCollectionTableViewCell.swift */ = {isa = PBXFileReference; fileEncoding = 4; lastKnownFileType = sourcecode.swift; path = HomeCollectionTableViewCell.swift; sourceTree = "<group>"; };
		EF3E94BF20E7968B00ECF5CB /* Home09ItemsTableViewCell.swift */ = {isa = PBXFileReference; lastKnownFileType = sourcecode.swift; path = Home09ItemsTableViewCell.swift; sourceTree = "<group>"; };
		EF3E94C120E79B7400ECF5CB /* TestAssets.xcassets */ = {isa = PBXFileReference; lastKnownFileType = folder.assetcatalog; path = TestAssets.xcassets; sourceTree = "<group>"; };
		EF6D1CEA20E787E50098FAD3 /* mashup09.app */ = {isa = PBXFileReference; explicitFileType = wrapper.application; includeInIndex = 0; path = mashup09.app; sourceTree = BUILT_PRODUCTS_DIR; };
		EF6D1CED20E787E50098FAD3 /* AppDelegate.swift */ = {isa = PBXFileReference; lastKnownFileType = sourcecode.swift; path = AppDelegate.swift; sourceTree = "<group>"; };
		EF6D1CEF20E787E50098FAD3 /* ViewController.swift */ = {isa = PBXFileReference; lastKnownFileType = sourcecode.swift; path = ViewController.swift; sourceTree = "<group>"; };
		EF6D1CF220E787E50098FAD3 /* Base */ = {isa = PBXFileReference; lastKnownFileType = file.storyboard; name = Base; path = Base.lproj/Main.storyboard; sourceTree = "<group>"; };
		EF6D1CF520E787E50098FAD3 /* mashup09.xcdatamodel */ = {isa = PBXFileReference; lastKnownFileType = wrapper.xcdatamodel; path = mashup09.xcdatamodel; sourceTree = "<group>"; };
		EF6D1CF720E787E60098FAD3 /* Assets.xcassets */ = {isa = PBXFileReference; lastKnownFileType = folder.assetcatalog; path = Assets.xcassets; sourceTree = "<group>"; };
		EF6D1CFA20E787E60098FAD3 /* Base */ = {isa = PBXFileReference; lastKnownFileType = file.storyboard; name = Base; path = Base.lproj/LaunchScreen.storyboard; sourceTree = "<group>"; };
		EF6D1CFC20E787E60098FAD3 /* Info.plist */ = {isa = PBXFileReference; lastKnownFileType = text.plist.xml; path = Info.plist; sourceTree = "<group>"; };
		EF827F1C20E7E56700BAC0AF /* JSGrowingTextView.swift */ = {isa = PBXFileReference; lastKnownFileType = sourcecode.swift; path = JSGrowingTextView.swift; sourceTree = "<group>"; };
/* End PBXFileReference section */

/* Begin PBXFrameworksBuildPhase section */
		EF6D1CE720E787E50098FAD3 /* Frameworks */ = {
			isa = PBXFrameworksBuildPhase;
			buildActionMask = 2147483647;
			files = (
				43113B434EF0537D13D5D878 /* Pods_mashup09.framework in Frameworks */,
			);
			runOnlyForDeploymentPostprocessing = 0;
		};
/* End PBXFrameworksBuildPhase section */

/* Begin PBXGroup section */
		BC96328FD7CEAEF8A6B21CF5 /* Frameworks */ = {
			isa = PBXGroup;
			children = (
				BDAF762678E4AD5D82733841 /* Pods_mashup09.framework */,
			);
			name = Frameworks;
			sourceTree = "<group>";
		};
		EF6D1CE120E787E50098FAD3 = {
			isa = PBXGroup;
			children = (
				EF6D1CEC20E787E50098FAD3 /* mashup09 */,
				EF6D1CEB20E787E50098FAD3 /* Products */,
				F0608EB3F7682C4269684A4F /* Pods */,
				BC96328FD7CEAEF8A6B21CF5 /* Frameworks */,
			);
			sourceTree = "<group>";
		};
		EF6D1CEB20E787E50098FAD3 /* Products */ = {
			isa = PBXGroup;
			children = (
				EF6D1CEA20E787E50098FAD3 /* mashup09.app */,
			);
			name = Products;
			sourceTree = "<group>";
		};
		EF6D1CEC20E787E50098FAD3 /* mashup09 */ = {
			isa = PBXGroup;
			children = (
				EF6D1CED20E787E50098FAD3 /* AppDelegate.swift */,
				EF6D1CEF20E787E50098FAD3 /* ViewController.swift */,
				EF3E94BC20E7952E00ECF5CB /* HomeCollectionTableViewCell.swift */,
				EF3E94BB20E7952E00ECF5CB /* HomeCollectionViewCell.swift */,
				829DB82D20E7ACB0005E7ECE /* InputTableViewController.swift */,
				EF3E94BF20E7968B00ECF5CB /* Home09ItemsTableViewCell.swift */,
				827C37E220E793290050FA68 /* InputViewController.swift */,
				EF6D1CF120E787E50098FAD3 /* Main.storyboard */,
				827C37E020E792F70050FA68 /* Input.storyboard */,
				EF6D1CF720E787E60098FAD3 /* Assets.xcassets */,
				EF3E94C120E79B7400ECF5CB /* TestAssets.xcassets */,
				EF6D1CF920E787E60098FAD3 /* LaunchScreen.storyboard */,
				EF6D1CFC20E787E60098FAD3 /* Info.plist */,
				EF6D1CF420E787E50098FAD3 /* mashup09.xcdatamodeld */,
				AAC2FEE920E7907500686BC9 /* Add.storyboard */,
				AAC2FEEB20E7908E00686BC9 /* AddCategoryViewController.swift */,
				AAC2FEED20E792AC00686BC9 /* AddContentViewController.swift */,
				AAC2FEEF20E792D600686BC9 /* AddDetailViewController.swift */,
				AAC2FEF120E7AFD700686BC9 /* AddImageViewController.swift */,
				EF827F1C20E7E56700BAC0AF /* JSGrowingTextView.swift */,
			);
			path = mashup09;
			sourceTree = "<group>";
		};
		F0608EB3F7682C4269684A4F /* Pods */ = {
			isa = PBXGroup;
			children = (
				A83331942CEF7DD778DEE687 /* Pods-mashup09.debug.xcconfig */,
				CA1C6EB75E1AD1BF06C1F6F5 /* Pods-mashup09.release.xcconfig */,
			);
			name = Pods;
			sourceTree = "<group>";
		};
/* End PBXGroup section */

/* Begin PBXNativeTarget section */
		EF6D1CE920E787E50098FAD3 /* mashup09 */ = {
			isa = PBXNativeTarget;
			buildConfigurationList = EF6D1CFF20E787E60098FAD3 /* Build configuration list for PBXNativeTarget "mashup09" */;
			buildPhases = (
				51261D92E98162378195A8BB /* [CP] Check Pods Manifest.lock */,
				EF6D1CE620E787E50098FAD3 /* Sources */,
				EF6D1CE720E787E50098FAD3 /* Frameworks */,
				EF6D1CE820E787E50098FAD3 /* Resources */,
				A05D851A8755DBDB0FEF6166 /* [CP] Embed Pods Frameworks */,
			);
			buildRules = (
			);
			dependencies = (
			);
			name = mashup09;
			productName = mashup09;
			productReference = EF6D1CEA20E787E50098FAD3 /* mashup09.app */;
			productType = "com.apple.product-type.application";
		};
/* End PBXNativeTarget section */

/* Begin PBXProject section */
		EF6D1CE220E787E50098FAD3 /* Project object */ = {
			isa = PBXProject;
			attributes = {
				LastSwiftUpdateCheck = 0940;
				LastUpgradeCheck = 0940;
				ORGANIZATIONNAME = mashup;
				TargetAttributes = {
					EF6D1CE920E787E50098FAD3 = {
						CreatedOnToolsVersion = 9.4;
					};
				};
			};
			buildConfigurationList = EF6D1CE520E787E50098FAD3 /* Build configuration list for PBXProject "mashup09" */;
			compatibilityVersion = "Xcode 9.3";
			developmentRegion = en;
			hasScannedForEncodings = 0;
			knownRegions = (
				en,
				Base,
			);
			mainGroup = EF6D1CE120E787E50098FAD3;
			productRefGroup = EF6D1CEB20E787E50098FAD3 /* Products */;
			projectDirPath = "";
			projectRoot = "";
			targets = (
				EF6D1CE920E787E50098FAD3 /* mashup09 */,
			);
		};
/* End PBXProject section */

/* Begin PBXResourcesBuildPhase section */
		EF6D1CE820E787E50098FAD3 /* Resources */ = {
			isa = PBXResourcesBuildPhase;
			buildActionMask = 2147483647;
			files = (
				EF6D1CFB20E787E60098FAD3 /* LaunchScreen.storyboard in Resources */,
				AAC2FEEA20E7907500686BC9 /* Add.storyboard in Resources */,
				EF6D1CF820E787E60098FAD3 /* Assets.xcassets in Resources */,
				EF3E94C220E79B7400ECF5CB /* TestAssets.xcassets in Resources */,
				EF6D1CF320E787E50098FAD3 /* Main.storyboard in Resources */,
				827C37E120E792F70050FA68 /* Input.storyboard in Resources */,
			);
			runOnlyForDeploymentPostprocessing = 0;
		};
/* End PBXResourcesBuildPhase section */

/* Begin PBXShellScriptBuildPhase section */
		51261D92E98162378195A8BB /* [CP] Check Pods Manifest.lock */ = {
			isa = PBXShellScriptBuildPhase;
			buildActionMask = 2147483647;
			files = (
			);
			inputPaths = (
				"${PODS_PODFILE_DIR_PATH}/Podfile.lock",
				"${PODS_ROOT}/Manifest.lock",
			);
			name = "[CP] Check Pods Manifest.lock";
			outputPaths = (
				"$(DERIVED_FILE_DIR)/Pods-mashup09-checkManifestLockResult.txt",
			);
			runOnlyForDeploymentPostprocessing = 0;
			shellPath = /bin/sh;
			shellScript = "diff \"${PODS_PODFILE_DIR_PATH}/Podfile.lock\" \"${PODS_ROOT}/Manifest.lock\" > /dev/null\nif [ $? != 0 ] ; then\n    # print error to STDERR\n    echo \"error: The sandbox is not in sync with the Podfile.lock. Run 'pod install' or update your CocoaPods installation.\" >&2\n    exit 1\nfi\n# This output is used by Xcode 'outputs' to avoid re-running this script phase.\necho \"SUCCESS\" > \"${SCRIPT_OUTPUT_FILE_0}\"\n";
			showEnvVarsInLog = 0;
		};
		A05D851A8755DBDB0FEF6166 /* [CP] Embed Pods Frameworks */ = {
			isa = PBXShellScriptBuildPhase;
			buildActionMask = 2147483647;
			files = (
			);
			inputPaths = (
				"${SRCROOT}/Pods/Target Support Files/Pods-mashup09/Pods-mashup09-frameworks.sh",
				"${BUILT_PRODUCTS_DIR}/Alamofire/Alamofire.framework",
				"${BUILT_PRODUCTS_DIR}/ImagePicker/ImagePicker.framework",
				"${BUILT_PRODUCTS_DIR}/Reachability/Reachability.framework",
				"${BUILT_PRODUCTS_DIR}/SDWebImage/SDWebImage.framework",
			);
			name = "[CP] Embed Pods Frameworks";
			outputPaths = (
				"${TARGET_BUILD_DIR}/${FRAMEWORKS_FOLDER_PATH}/Alamofire.framework",
				"${TARGET_BUILD_DIR}/${FRAMEWORKS_FOLDER_PATH}/ImagePicker.framework",
				"${TARGET_BUILD_DIR}/${FRAMEWORKS_FOLDER_PATH}/Reachability.framework",
				"${TARGET_BUILD_DIR}/${FRAMEWORKS_FOLDER_PATH}/SDWebImage.framework",
			);
			runOnlyForDeploymentPostprocessing = 0;
			shellPath = /bin/sh;
			shellScript = "\"${SRCROOT}/Pods/Target Support Files/Pods-mashup09/Pods-mashup09-frameworks.sh\"\n";
			showEnvVarsInLog = 0;
		};
/* End PBXShellScriptBuildPhase section */

/* Begin PBXSourcesBuildPhase section */
		EF6D1CE620E787E50098FAD3 /* Sources */ = {
			isa = PBXSourcesBuildPhase;
			buildActionMask = 2147483647;
			files = (
				829DB82E20E7ACB0005E7ECE /* InputTableViewController.swift in Sources */,
				EF6D1CF620E787E50098FAD3 /* mashup09.xcdatamodeld in Sources */,
				EF3E94BE20E7952E00ECF5CB /* HomeCollectionTableViewCell.swift in Sources */,
				EF3E94C020E7968B00ECF5CB /* Home09ItemsTableViewCell.swift in Sources */,
				AAC2FEEC20E7908E00686BC9 /* AddCategoryViewController.swift in Sources */,
				AAC2FEEE20E792AC00686BC9 /* AddContentViewController.swift in Sources */,
				AAC2FEF020E792D600686BC9 /* AddDetailViewController.swift in Sources */,
				EF6D1CF020E787E50098FAD3 /* ViewController.swift in Sources */,
				AAC2FEF220E7AFD700686BC9 /* AddImageViewController.swift in Sources */,
				EF6D1CEE20E787E50098FAD3 /* AppDelegate.swift in Sources */,
				EF827F1D20E7E56700BAC0AF /* JSGrowingTextView.swift in Sources */,
				827C37E320E793290050FA68 /* InputViewController.swift in Sources */,
				EF3E94BD20E7952E00ECF5CB /* HomeCollectionViewCell.swift in Sources */,
			);
			runOnlyForDeploymentPostprocessing = 0;
		};
/* End PBXSourcesBuildPhase section */

/* Begin PBXVariantGroup section */
		EF6D1CF120E787E50098FAD3 /* Main.storyboard */ = {
			isa = PBXVariantGroup;
			children = (
				EF6D1CF220E787E50098FAD3 /* Base */,
			);
			name = Main.storyboard;
			sourceTree = "<group>";
		};
		EF6D1CF920E787E60098FAD3 /* LaunchScreen.storyboard */ = {
			isa = PBXVariantGroup;
			children = (
				EF6D1CFA20E787E60098FAD3 /* Base */,
			);
			name = LaunchScreen.storyboard;
			sourceTree = "<group>";
		};
/* End PBXVariantGroup section */

/* Begin XCBuildConfiguration section */
		EF6D1CFD20E787E60098FAD3 /* Debug */ = {
			isa = XCBuildConfiguration;
			buildSettings = {
				ALWAYS_SEARCH_USER_PATHS = NO;
				CLANG_ANALYZER_NONNULL = YES;
				CLANG_ANALYZER_NUMBER_OBJECT_CONVERSION = YES_AGGRESSIVE;
				CLANG_CXX_LANGUAGE_STANDARD = "gnu++14";
				CLANG_CXX_LIBRARY = "libc++";
				CLANG_ENABLE_MODULES = YES;
				CLANG_ENABLE_OBJC_ARC = YES;
				CLANG_ENABLE_OBJC_WEAK = YES;
				CLANG_WARN_BLOCK_CAPTURE_AUTORELEASING = YES;
				CLANG_WARN_BOOL_CONVERSION = YES;
				CLANG_WARN_COMMA = YES;
				CLANG_WARN_CONSTANT_CONVERSION = YES;
				CLANG_WARN_DEPRECATED_OBJC_IMPLEMENTATIONS = YES;
				CLANG_WARN_DIRECT_OBJC_ISA_USAGE = YES_ERROR;
				CLANG_WARN_DOCUMENTATION_COMMENTS = YES;
				CLANG_WARN_EMPTY_BODY = YES;
				CLANG_WARN_ENUM_CONVERSION = YES;
				CLANG_WARN_INFINITE_RECURSION = YES;
				CLANG_WARN_INT_CONVERSION = YES;
				CLANG_WARN_NON_LITERAL_NULL_CONVERSION = YES;
				CLANG_WARN_OBJC_IMPLICIT_RETAIN_SELF = YES;
				CLANG_WARN_OBJC_LITERAL_CONVERSION = YES;
				CLANG_WARN_OBJC_ROOT_CLASS = YES_ERROR;
				CLANG_WARN_RANGE_LOOP_ANALYSIS = YES;
				CLANG_WARN_STRICT_PROTOTYPES = YES;
				CLANG_WARN_SUSPICIOUS_MOVE = YES;
				CLANG_WARN_UNGUARDED_AVAILABILITY = YES_AGGRESSIVE;
				CLANG_WARN_UNREACHABLE_CODE = YES;
				CLANG_WARN__DUPLICATE_METHOD_MATCH = YES;
				CODE_SIGN_IDENTITY = "iPhone Developer";
				COPY_PHASE_STRIP = NO;
				DEBUG_INFORMATION_FORMAT = dwarf;
				ENABLE_STRICT_OBJC_MSGSEND = YES;
				ENABLE_TESTABILITY = YES;
				GCC_C_LANGUAGE_STANDARD = gnu11;
				GCC_DYNAMIC_NO_PIC = NO;
				GCC_NO_COMMON_BLOCKS = YES;
				GCC_OPTIMIZATION_LEVEL = 0;
				GCC_PREPROCESSOR_DEFINITIONS = (
					"DEBUG=1",
					"$(inherited)",
				);
				GCC_WARN_64_TO_32_BIT_CONVERSION = YES;
				GCC_WARN_ABOUT_RETURN_TYPE = YES_ERROR;
				GCC_WARN_UNDECLARED_SELECTOR = YES;
				GCC_WARN_UNINITIALIZED_AUTOS = YES_AGGRESSIVE;
				GCC_WARN_UNUSED_FUNCTION = YES;
				GCC_WARN_UNUSED_VARIABLE = YES;
				IPHONEOS_DEPLOYMENT_TARGET = 11.4;
				MTL_ENABLE_DEBUG_INFO = YES;
				ONLY_ACTIVE_ARCH = YES;
				SDKROOT = iphoneos;
				SWIFT_ACTIVE_COMPILATION_CONDITIONS = DEBUG;
				SWIFT_OPTIMIZATION_LEVEL = "-Onone";
			};
			name = Debug;
		};
		EF6D1CFE20E787E60098FAD3 /* Release */ = {
			isa = XCBuildConfiguration;
			buildSettings = {
				ALWAYS_SEARCH_USER_PATHS = NO;
				CLANG_ANALYZER_NONNULL = YES;
				CLANG_ANALYZER_NUMBER_OBJECT_CONVERSION = YES_AGGRESSIVE;
				CLANG_CXX_LANGUAGE_STANDARD = "gnu++14";
				CLANG_CXX_LIBRARY = "libc++";
				CLANG_ENABLE_MODULES = YES;
				CLANG_ENABLE_OBJC_ARC = YES;
				CLANG_ENABLE_OBJC_WEAK = YES;
				CLANG_WARN_BLOCK_CAPTURE_AUTORELEASING = YES;
				CLANG_WARN_BOOL_CONVERSION = YES;
				CLANG_WARN_COMMA = YES;
				CLANG_WARN_CONSTANT_CONVERSION = YES;
				CLANG_WARN_DEPRECATED_OBJC_IMPLEMENTATIONS = YES;
				CLANG_WARN_DIRECT_OBJC_ISA_USAGE = YES_ERROR;
				CLANG_WARN_DOCUMENTATION_COMMENTS = YES;
				CLANG_WARN_EMPTY_BODY = YES;
				CLANG_WARN_ENUM_CONVERSION = YES;
				CLANG_WARN_INFINITE_RECURSION = YES;
				CLANG_WARN_INT_CONVERSION = YES;
				CLANG_WARN_NON_LITERAL_NULL_CONVERSION = YES;
				CLANG_WARN_OBJC_IMPLICIT_RETAIN_SELF = YES;
				CLANG_WARN_OBJC_LITERAL_CONVERSION = YES;
				CLANG_WARN_OBJC_ROOT_CLASS = YES_ERROR;
				CLANG_WARN_RANGE_LOOP_ANALYSIS = YES;
				CLANG_WARN_STRICT_PROTOTYPES = YES;
				CLANG_WARN_SUSPICIOUS_MOVE = YES;
				CLANG_WARN_UNGUARDED_AVAILABILITY = YES_AGGRESSIVE;
				CLANG_WARN_UNREACHABLE_CODE = YES;
				CLANG_WARN__DUPLICATE_METHOD_MATCH = YES;
				CODE_SIGN_IDENTITY = "iPhone Developer";
				COPY_PHASE_STRIP = NO;
				DEBUG_INFORMATION_FORMAT = "dwarf-with-dsym";
				ENABLE_NS_ASSERTIONS = NO;
				ENABLE_STRICT_OBJC_MSGSEND = YES;
				GCC_C_LANGUAGE_STANDARD = gnu11;
				GCC_NO_COMMON_BLOCKS = YES;
				GCC_WARN_64_TO_32_BIT_CONVERSION = YES;
				GCC_WARN_ABOUT_RETURN_TYPE = YES_ERROR;
				GCC_WARN_UNDECLARED_SELECTOR = YES;
				GCC_WARN_UNINITIALIZED_AUTOS = YES_AGGRESSIVE;
				GCC_WARN_UNUSED_FUNCTION = YES;
				GCC_WARN_UNUSED_VARIABLE = YES;
				IPHONEOS_DEPLOYMENT_TARGET = 11.4;
				MTL_ENABLE_DEBUG_INFO = NO;
				SDKROOT = iphoneos;
				SWIFT_COMPILATION_MODE = wholemodule;
				SWIFT_OPTIMIZATION_LEVEL = "-O";
				VALIDATE_PRODUCT = YES;
			};
			name = Release;
		};
		EF6D1D0020E787E60098FAD3 /* Debug */ = {
			isa = XCBuildConfiguration;
			baseConfigurationReference = A83331942CEF7DD778DEE687 /* Pods-mashup09.debug.xcconfig */;
			buildSettings = {
				ASSETCATALOG_COMPILER_APPICON_NAME = AppIcon;
				CODE_SIGN_STYLE = Automatic;
				DEVELOPMENT_TEAM = "";
				INFOPLIST_FILE = mashup09/Info.plist;
				IPHONEOS_DEPLOYMENT_TARGET = 11.0;
				LD_RUNPATH_SEARCH_PATHS = (
					"$(inherited)",
					"@executable_path/Frameworks",
				);
				PRODUCT_BUNDLE_IDENTIFIER = kr.co.mashup.mashup09;
				PRODUCT_NAME = "$(TARGET_NAME)";
				SWIFT_VERSION = 4.0;
				TARGETED_DEVICE_FAMILY = "1,2";
			};
			name = Debug;
		};
		EF6D1D0120E787E60098FAD3 /* Release */ = {
			isa = XCBuildConfiguration;
			baseConfigurationReference = CA1C6EB75E1AD1BF06C1F6F5 /* Pods-mashup09.release.xcconfig */;
			buildSettings = {
				ASSETCATALOG_COMPILER_APPICON_NAME = AppIcon;
				CODE_SIGN_STYLE = Automatic;
				DEVELOPMENT_TEAM = "";
				INFOPLIST_FILE = mashup09/Info.plist;
				IPHONEOS_DEPLOYMENT_TARGET = 11.0;
				LD_RUNPATH_SEARCH_PATHS = (
					"$(inherited)",
					"@executable_path/Frameworks",
				);
				PRODUCT_BUNDLE_IDENTIFIER = kr.co.mashup.mashup09;
				PRODUCT_NAME = "$(TARGET_NAME)";
				SWIFT_VERSION = 4.0;
				TARGETED_DEVICE_FAMILY = "1,2";
			};
			name = Release;
		};
/* End XCBuildConfiguration section */

/* Begin XCConfigurationList section */
		EF6D1CE520E787E50098FAD3 /* Build configuration list for PBXProject "mashup09" */ = {
			isa = XCConfigurationList;
			buildConfigurations = (
				EF6D1CFD20E787E60098FAD3 /* Debug */,
				EF6D1CFE20E787E60098FAD3 /* Release */,
			);
			defaultConfigurationIsVisible = 0;
			defaultConfigurationName = Release;
		};
		EF6D1CFF20E787E60098FAD3 /* Build configuration list for PBXNativeTarget "mashup09" */ = {
			isa = XCConfigurationList;
			buildConfigurations = (
				EF6D1D0020E787E60098FAD3 /* Debug */,
				EF6D1D0120E787E60098FAD3 /* Release */,
			);
			defaultConfigurationIsVisible = 0;
			defaultConfigurationName = Release;
		};
/* End XCConfigurationList section */

/* Begin XCVersionGroup section */
		EF6D1CF420E787E50098FAD3 /* mashup09.xcdatamodeld */ = {
			isa = XCVersionGroup;
			children = (
				EF6D1CF520E787E50098FAD3 /* mashup09.xcdatamodel */,
			);
			currentVersion = EF6D1CF520E787E50098FAD3 /* mashup09.xcdatamodel */;
			path = mashup09.xcdatamodeld;
			sourceTree = "<group>";
			versionGroupType = wrapper.xcdatamodel;
		};
/* End XCVersionGroup section */
	};
	rootObject = EF6D1CE220E787E50098FAD3 /* Project object */;
}
