PODS:
  - Alamofire (4.7.2)
  - Reachability (3.2)
  - SDWebImage (4.3.3):
    - SDWebImage/Core (= 4.3.3)
  - SDWebImage/Core (4.3.3)

DEPENDENCIES:
  - Alamofire
  - Reachability
  - SDWebImage

SPEC REPOS:
  https://github.com/cocoapods/specs.git:
    - Alamofire
    - Reachability
    - SDWebImage

SPEC CHECKSUMS:
  Alamofire: e4fa87002c137ba2d8d634d2c51fabcda0d5c223
  Reachability: 33e18b67625424e47b6cde6d202dce689ad7af96
  SDWebImage: de4d90b5bff3571eae7bd16202b1f43135409fa5

PODFILE CHECKSUM: 1382d5c14f5aa7740aed6c6b85619e8accc2765d

COCOAPODS: 1.5.3
